
Microsoft Visual Studio Solution File, Format Version 12.00
# Visual Studio Version 17
VisualStudioVersion = 17.0.31903.59
MinimumVisualStudioVersion = 10.0.40219.1
Project("{9A19103F-16F7-4668-BE54-9A1E7A4F7556}") = "OnlineStoresManager.Common", "OnlineStoresManager.Common\OnlineStoresManager.Common.csproj", "{5803563F-506A-499C-97AE-B22694DB8086}"
EndProject
Project("{9A19103F-16F7-4668-BE54-9A1E7A4F7556}") = "OnlineStoresManager.API", "OnlineStoresManager.Api\OnlineStoresManager.API.csproj", "{318277BC-89DD-48E5-82B0-16DD1025766F}"
EndProject
Project("{9A19103F-16F7-4668-BE54-9A1E7A4F7556}") = "OnlineStoresManager.WebApp", "OnlineStoresManager.Webapp\OnlineStoresManager.WebApp.csproj", "{1D63BB58-0EF4-4853-A2E6-0F7E200D516A}"
EndProject
Global
	GlobalSection(SolutionConfigurationPlatforms) = preSolution
		Debug|Any CPU = Debug|Any CPU
		Release|Any CPU = Release|Any CPU
	EndGlobalSection
	GlobalSection(ProjectConfigurationPlatforms) = postSolution
		{5803563F-506A-499C-97AE-B22694DB8086}.Debug|Any CPU.ActiveCfg = Debug|Any CPU
		{5803563F-506A-499C-97AE-B22694DB8086}.Debug|Any CPU.Build.0 = Debug|Any CPU
		{5803563F-506A-499C-97AE-B22694DB8086}.Release|Any CPU.ActiveCfg = Release|Any CPU
		{5803563F-506A-499C-97AE-B22694DB8086}.Release|Any CPU.Build.0 = Release|Any CPU
		{318277BC-89DD-48E5-82B0-16DD1025766F}.Debug|Any CPU.ActiveCfg = Debug|Any CPU
		{318277BC-89DD-48E5-82B0-16DD1025766F}.Debug|Any CPU.Build.0 = Debug|Any CPU
		{318277BC-89DD-48E5-82B0-16DD1025766F}.Release|Any CPU.ActiveCfg = Release|Any CPU
		{318277BC-89DD-48E5-82B0-16DD1025766F}.Release|Any CPU.Build.0 = Release|Any CPU
		{1D63BB58-0EF4-4853-A2E6-0F7E200D516A}.Debug|Any CPU.ActiveCfg = Debug|Any CPU
		{1D63BB58-0EF4-4853-A2E6-0F7E200D516A}.Debug|Any CPU.Build.0 = Debug|Any CPU
		{1D63BB58-0EF4-4853-A2E6-0F7E200D516A}.Release|Any CPU.ActiveCfg = Release|Any CPU
		{1D63BB58-0EF4-4853-A2E6-0F7E200D516A}.Release|Any CPU.Build.0 = Release|Any CPU
	EndGlobalSection
	GlobalSection(SolutionProperties) = preSolution
		HideSolutionNode = FALSE
	EndGlobalSection
	GlobalSection(ExtensibilityGlobals) = postSolution
		SolutionGuid = {CC201760-AAD7-4917-9404-EFC8A36CFF02}
	EndGlobalSection
EndGlobal
